
Microsoft Visual Studio Solution File, Format Version 12.00
# Visual Studio Version 17
VisualStudioVersion = 17.6.33815.320
MinimumVisualStudioVersion = 10.0.40219.1
Project("{FAE04EC0-301F-11D3-BF4B-00C04F79EFBC}") = "STRONG_TERMINAL_BASIC", "STRONG_TERMINAL_BASIC.csproj", "{07BD4215-F859-4F51-90C4-78017E44F7A9}"
EndProject
Global
	GlobalSection(SolutionConfigurationPlatforms) = preSolution
		Debug|Any CPU = Debug|Any CPU
		Release|Any CPU = Release|Any CPU
	EndGlobalSection
	GlobalSection(ProjectConfigurationPlatforms) = postSolution
		{07BD4215-F859-4F51-90C4-78017E44F7A9}.Debug|Any CPU.ActiveCfg = Debug|Any CPU
		{07BD4215-F859-4F51-90C4-78017E44F7A9}.Debug|Any CPU.Build.0 = Debug|Any CPU
		{07BD4215-F859-4F51-90C4-78017E44F7A9}.Release|Any CPU.ActiveCfg = Release|Any CPU
		{07BD4215-F859-4F51-90C4-78017E44F7A9}.Release|Any CPU.Build.0 = Release|Any CPU
	EndGlobalSection
	GlobalSection(SolutionProperties) = preSolution
		HideSolutionNode = FALSE
	EndGlobalSection
	GlobalSection(ExtensibilityGlobals) = postSolution
		SolutionGuid = {5819BBF0-723E-4661-A9A9-2BC2A8B56E37}
	EndGlobalSection
EndGlobal
